
Microsoft Visual Studio Solution File, Format Version 12.00
# Visual Studio Version 17
VisualStudioVersion = 17.6.33723.286
MinimumVisualStudioVersion = 10.0.40219.1
Project("{FAE04EC0-301F-11D3-BF4B-00C04F79EFBC}") = "Server", "Server\Server.csproj", "{486E2DDE-BE31-4F6A-A62B-54631DABB6EC}"
EndProject
Project("{FAE04EC0-301F-11D3-BF4B-00C04F79EFBC}") = "ServerCore", "ServerCore\ServerCore.csproj", "{25F2D0B5-D6D5-4900-B02A-9D95A6214607}"
EndProject
Project("{FAE04EC0-301F-11D3-BF4B-00C04F79EFBC}") = "DummyClient", "DummyClient\DummyClient.csproj", "{6CD0AA34-184D-45FC-97A9-8A4EB1EEDC01}"
EndProject
Global
	GlobalSection(SolutionConfigurationPlatforms) = preSolution
		Debug|Any CPU = Debug|Any CPU
		Release|Any CPU = Release|Any CPU
	EndGlobalSection
	GlobalSection(ProjectConfigurationPlatforms) = postSolution
		{486E2DDE-BE31-4F6A-A62B-54631DABB6EC}.Debug|Any CPU.ActiveCfg = Debug|Any CPU
		{486E2DDE-BE31-4F6A-A62B-54631DABB6EC}.Debug|Any CPU.Build.0 = Debug|Any CPU
		{486E2DDE-BE31-4F6A-A62B-54631DABB6EC}.Release|Any CPU.ActiveCfg = Release|Any CPU
		{486E2DDE-BE31-4F6A-A62B-54631DABB6EC}.Release|Any CPU.Build.0 = Release|Any CPU
		{25F2D0B5-D6D5-4900-B02A-9D95A6214607}.Debug|Any CPU.ActiveCfg = Debug|Any CPU
		{25F2D0B5-D6D5-4900-B02A-9D95A6214607}.Debug|Any CPU.Build.0 = Debug|Any CPU
		{25F2D0B5-D6D5-4900-B02A-9D95A6214607}.Release|Any CPU.ActiveCfg = Release|Any CPU
		{25F2D0B5-D6D5-4900-B02A-9D95A6214607}.Release|Any CPU.Build.0 = Release|Any CPU
		{6CD0AA34-184D-45FC-97A9-8A4EB1EEDC01}.Debug|Any CPU.ActiveCfg = Debug|Any CPU
		{6CD0AA34-184D-45FC-97A9-8A4EB1EEDC01}.Debug|Any CPU.Build.0 = Debug|Any CPU
		{6CD0AA34-184D-45FC-97A9-8A4EB1EEDC01}.Release|Any CPU.ActiveCfg = Release|Any CPU
		{6CD0AA34-184D-45FC-97A9-8A4EB1EEDC01}.Release|Any CPU.Build.0 = Release|Any CPU
	EndGlobalSection
	GlobalSection(SolutionProperties) = preSolution
		HideSolutionNode = FALSE
	EndGlobalSection
	GlobalSection(ExtensibilityGlobals) = postSolution
		SolutionGuid = {5E76F0CD-CB99-4775-8F74-1ECE70A236FC}
	EndGlobalSection
EndGlobal
